// !$*UTF8*$!
{
	archiveVersion = 1;
	classes = {
	};
	objectVersion = 50;
	objects = {

/* Begin PBXBuildFile section */
		8D250E9A248CBACC00DA4446 /* .gitignore in Resources */ = {isa = PBXBuildFile; fileRef = 8D250E99248CBACC00DA4446 /* .gitignore */; };
		8D250E9C248CC8F100DA4446 /* NotificationViewController.swift in Sources */ = {isa = PBXBuildFile; fileRef = 8D250E9B248CC8F100DA4446 /* NotificationViewController.swift */; };
		8D250EA0248CCAC700DA4446 /* ArticleCollectionViewCell.swift in Sources */ = {isa = PBXBuildFile; fileRef = 8D250E9E248CCAC700DA4446 /* ArticleCollectionViewCell.swift */; };
		8D250EA1248CCAC700DA4446 /* ArticleCollectionViewCell.xib in Resources */ = {isa = PBXBuildFile; fileRef = 8D250E9F248CCAC700DA4446 /* ArticleCollectionViewCell.xib */; };
		8D250EA4248CD1F100DA4446 /* Article.swift in Sources */ = {isa = PBXBuildFile; fileRef = 8D250EA3248CD1F100DA4446 /* Article.swift */; };
		8DAAB192248CADE2000FA67C /* RewardViewController.swift in Sources */ = {isa = PBXBuildFile; fileRef = 8DAAB191248CADE2000FA67C /* RewardViewController.swift */; };
		8DAAB196248CAE7B000FA67C /* ChallengeViewController.swift in Sources */ = {isa = PBXBuildFile; fileRef = 8DAAB195248CAE7B000FA67C /* ChallengeViewController.swift */; };
		8DAAB198248CAE8C000FA67C /* MeViewController.swift in Sources */ = {isa = PBXBuildFile; fileRef = 8DAAB197248CAE8C000FA67C /* MeViewController.swift */; };
		8DAAB20E248CB32E000FA67C /* PlayfairDisplay-Black.ttf in Resources */ = {isa = PBXBuildFile; fileRef = 8DAAB202248CB32D000FA67C /* PlayfairDisplay-Black.ttf */; };
		8DAAB20F248CB32E000FA67C /* PlayfairDisplay-Bold.ttf in Resources */ = {isa = PBXBuildFile; fileRef = 8DAAB203248CB32D000FA67C /* PlayfairDisplay-Bold.ttf */; };
		8DAAB210248CB32E000FA67C /* PlayfairDisplay-ExtraBold.ttf in Resources */ = {isa = PBXBuildFile; fileRef = 8DAAB204248CB32D000FA67C /* PlayfairDisplay-ExtraBold.ttf */; };
		8DAAB211248CB32E000FA67C /* PlayfairDisplay-BlackItalic.ttf in Resources */ = {isa = PBXBuildFile; fileRef = 8DAAB205248CB32D000FA67C /* PlayfairDisplay-BlackItalic.ttf */; };
		8DAAB212248CB32E000FA67C /* PlayfairDisplay-Medium.ttf in Resources */ = {isa = PBXBuildFile; fileRef = 8DAAB206248CB32D000FA67C /* PlayfairDisplay-Medium.ttf */; };
		8DAAB213248CB32E000FA67C /* PlayfairDisplay-MediumItalic.ttf in Resources */ = {isa = PBXBuildFile; fileRef = 8DAAB207248CB32D000FA67C /* PlayfairDisplay-MediumItalic.ttf */; };
		8DAAB214248CB32E000FA67C /* PlayfairDisplay-Italic.ttf in Resources */ = {isa = PBXBuildFile; fileRef = 8DAAB208248CB32E000FA67C /* PlayfairDisplay-Italic.ttf */; };
		8DAAB215248CB32E000FA67C /* PlayfairDisplay-Regular.ttf in Resources */ = {isa = PBXBuildFile; fileRef = 8DAAB209248CB32E000FA67C /* PlayfairDisplay-Regular.ttf */; };
		8DAAB216248CB32E000FA67C /* PlayfairDisplay-SemiBoldItalic.ttf in Resources */ = {isa = PBXBuildFile; fileRef = 8DAAB20A248CB32E000FA67C /* PlayfairDisplay-SemiBoldItalic.ttf */; };
		8DAAB217248CB32E000FA67C /* PlayfairDisplay-ExtraBoldItalic.ttf in Resources */ = {isa = PBXBuildFile; fileRef = 8DAAB20B248CB32E000FA67C /* PlayfairDisplay-ExtraBoldItalic.ttf */; };
		8DAAB218248CB32E000FA67C /* PlayfairDisplay-SemiBold.ttf in Resources */ = {isa = PBXBuildFile; fileRef = 8DAAB20C248CB32E000FA67C /* PlayfairDisplay-SemiBold.ttf */; };
		8DAAB219248CB32E000FA67C /* PlayfairDisplay-BoldItalic.ttf in Resources */ = {isa = PBXBuildFile; fileRef = 8DAAB20D248CB32E000FA67C /* PlayfairDisplay-BoldItalic.ttf */; };
		8DB1EA6124854146005D169F /* AppDelegate.swift in Sources */ = {isa = PBXBuildFile; fileRef = 8DB1EA6024854146005D169F /* AppDelegate.swift */; };
		8DB1EA6324854146005D169F /* SceneDelegate.swift in Sources */ = {isa = PBXBuildFile; fileRef = 8DB1EA6224854146005D169F /* SceneDelegate.swift */; };
		8DB1EA6524854146005D169F /* HomeViewController.swift in Sources */ = {isa = PBXBuildFile; fileRef = 8DB1EA6424854146005D169F /* HomeViewController.swift */; };
		8DB1EA6724854146005D169F /* LoginViewController.swift in Sources */ = {isa = PBXBuildFile; fileRef = 8DB1EA6624854146005D169F /* LoginViewController.swift */; };
		8DB1EA6A24854146005D169F /* Main.storyboard in Resources */ = {isa = PBXBuildFile; fileRef = 8DB1EA6824854146005D169F /* Main.storyboard */; };
		8DB1EA6C24854148005D169F /* Assets.xcassets in Resources */ = {isa = PBXBuildFile; fileRef = 8DB1EA6B24854148005D169F /* Assets.xcassets */; };
		8DB1EA6F24854148005D169F /* LaunchScreen.storyboard in Resources */ = {isa = PBXBuildFile; fileRef = 8DB1EA6D24854148005D169F /* LaunchScreen.storyboard */; };
/* End PBXBuildFile section */

/* Begin PBXFileReference section */
		8D250E99248CBACC00DA4446 /* .gitignore */ = {isa = PBXFileReference; lastKnownFileType = text; path = .gitignore; sourceTree = "<group>"; };
		8D250E9B248CC8F100DA4446 /* NotificationViewController.swift */ = {isa = PBXFileReference; lastKnownFileType = sourcecode.swift; path = NotificationViewController.swift; sourceTree = "<group>"; };
		8D250E9E248CCAC700DA4446 /* ArticleCollectionViewCell.swift */ = {isa = PBXFileReference; lastKnownFileType = sourcecode.swift; path = ArticleCollectionViewCell.swift; sourceTree = "<group>"; };
		8D250E9F248CCAC700DA4446 /* ArticleCollectionViewCell.xib */ = {isa = PBXFileReference; lastKnownFileType = file.xib; path = ArticleCollectionViewCell.xib; sourceTree = "<group>"; };
		8D250EA3248CD1F100DA4446 /* Article.swift */ = {isa = PBXFileReference; lastKnownFileType = sourcecode.swift; path = Article.swift; sourceTree = "<group>"; };
		8DAAB191248CADE2000FA67C /* RewardViewController.swift */ = {isa = PBXFileReference; lastKnownFileType = sourcecode.swift; path = RewardViewController.swift; sourceTree = "<group>"; };
		8DAAB195248CAE7B000FA67C /* ChallengeViewController.swift */ = {isa = PBXFileReference; lastKnownFileType = sourcecode.swift; path = ChallengeViewController.swift; sourceTree = "<group>"; };
		8DAAB197248CAE8C000FA67C /* MeViewController.swift */ = {isa = PBXFileReference; lastKnownFileType = sourcecode.swift; path = MeViewController.swift; sourceTree = "<group>"; };
		8DAAB202248CB32D000FA67C /* PlayfairDisplay-Black.ttf */ = {isa = PBXFileReference; lastKnownFileType = file; path = "PlayfairDisplay-Black.ttf"; sourceTree = "<group>"; };
		8DAAB203248CB32D000FA67C /* PlayfairDisplay-Bold.ttf */ = {isa = PBXFileReference; lastKnownFileType = file; path = "PlayfairDisplay-Bold.ttf"; sourceTree = "<group>"; };
		8DAAB204248CB32D000FA67C /* PlayfairDisplay-ExtraBold.ttf */ = {isa = PBXFileReference; lastKnownFileType = file; path = "PlayfairDisplay-ExtraBold.ttf"; sourceTree = "<group>"; };
		8DAAB205248CB32D000FA67C /* PlayfairDisplay-BlackItalic.ttf */ = {isa = PBXFileReference; lastKnownFileType = file; path = "PlayfairDisplay-BlackItalic.ttf"; sourceTree = "<group>"; };
		8DAAB206248CB32D000FA67C /* PlayfairDisplay-Medium.ttf */ = {isa = PBXFileReference; lastKnownFileType = file; path = "PlayfairDisplay-Medium.ttf"; sourceTree = "<group>"; };
		8DAAB207248CB32D000FA67C /* PlayfairDisplay-MediumItalic.ttf */ = {isa = PBXFileReference; lastKnownFileType = file; path = "PlayfairDisplay-MediumItalic.ttf"; sourceTree = "<group>"; };
		8DAAB208248CB32E000FA67C /* PlayfairDisplay-Italic.ttf */ = {isa = PBXFileReference; lastKnownFileType = file; path = "PlayfairDisplay-Italic.ttf"; sourceTree = "<group>"; };
		8DAAB209248CB32E000FA67C /* PlayfairDisplay-Regular.ttf */ = {isa = PBXFileReference; lastKnownFileType = file; path = "PlayfairDisplay-Regular.ttf"; sourceTree = "<group>"; };
		8DAAB20A248CB32E000FA67C /* PlayfairDisplay-SemiBoldItalic.ttf */ = {isa = PBXFileReference; lastKnownFileType = file; path = "PlayfairDisplay-SemiBoldItalic.ttf"; sourceTree = "<group>"; };
		8DAAB20B248CB32E000FA67C /* PlayfairDisplay-ExtraBoldItalic.ttf */ = {isa = PBXFileReference; lastKnownFileType = file; path = "PlayfairDisplay-ExtraBoldItalic.ttf"; sourceTree = "<group>"; };
		8DAAB20C248CB32E000FA67C /* PlayfairDisplay-SemiBold.ttf */ = {isa = PBXFileReference; lastKnownFileType = file; path = "PlayfairDisplay-SemiBold.ttf"; sourceTree = "<group>"; };
		8DAAB20D248CB32E000FA67C /* PlayfairDisplay-BoldItalic.ttf */ = {isa = PBXFileReference; lastKnownFileType = file; path = "PlayfairDisplay-BoldItalic.ttf"; sourceTree = "<group>"; };
		8DB1EA5D24854146005D169F /* DiceToDive.app */ = {isa = PBXFileReference; explicitFileType = wrapper.application; includeInIndex = 0; path = DiceToDive.app; sourceTree = BUILT_PRODUCTS_DIR; };
		8DB1EA6024854146005D169F /* AppDelegate.swift */ = {isa = PBXFileReference; lastKnownFileType = sourcecode.swift; path = AppDelegate.swift; sourceTree = "<group>"; };
		8DB1EA6224854146005D169F /* SceneDelegate.swift */ = {isa = PBXFileReference; lastKnownFileType = sourcecode.swift; path = SceneDelegate.swift; sourceTree = "<group>"; };
		8DB1EA6424854146005D169F /* HomeViewController.swift */ = {isa = PBXFileReference; lastKnownFileType = sourcecode.swift; path = HomeViewController.swift; sourceTree = "<group>"; };
		8DB1EA6624854146005D169F /* LoginViewController.swift */ = {isa = PBXFileReference; lastKnownFileType = sourcecode.swift; path = LoginViewController.swift; sourceTree = "<group>"; };
		8DB1EA6924854146005D169F /* Base */ = {isa = PBXFileReference; lastKnownFileType = file.storyboard; name = Base; path = Base.lproj/Main.storyboard; sourceTree = "<group>"; };
		8DB1EA6B24854148005D169F /* Assets.xcassets */ = {isa = PBXFileReference; lastKnownFileType = folder.assetcatalog; path = Assets.xcassets; sourceTree = "<group>"; };
		8DB1EA6E24854148005D169F /* Base */ = {isa = PBXFileReference; lastKnownFileType = file.storyboard; name = Base; path = Base.lproj/LaunchScreen.storyboard; sourceTree = "<group>"; };
		8DB1EA7024854148005D169F /* Info.plist */ = {isa = PBXFileReference; lastKnownFileType = text.plist.xml; path = Info.plist; sourceTree = "<group>"; };
/* End PBXFileReference section */

/* Begin PBXFrameworksBuildPhase section */
		8DB1EA5A24854146005D169F /* Frameworks */ = {
			isa = PBXFrameworksBuildPhase;
			buildActionMask = 2147483647;
			files = (
			);
			runOnlyForDeploymentPostprocessing = 0;
		};
/* End PBXFrameworksBuildPhase section */

/* Begin PBXGroup section */
		8D250E9D248CCA8F00DA4446 /* Cell */ = {
			isa = PBXGroup;
			children = (
				8D250E9E248CCAC700DA4446 /* ArticleCollectionViewCell.swift */,
				8D250E9F248CCAC700DA4446 /* ArticleCollectionViewCell.xib */,
			);
			path = Cell;
			sourceTree = "<group>";
		};
		8D250EA2248CD1CC00DA4446 /* Model */ = {
			isa = PBXGroup;
			children = (
				8D250EA3248CD1F100DA4446 /* Article.swift */,
			);
			path = Model;
			sourceTree = "<group>";
		};
		8DAAB193248CADF2000FA67C /* Controller */ = {
			isa = PBXGroup;
			children = (
				8DB1EA6424854146005D169F /* HomeViewController.swift */,
				8DAAB195248CAE7B000FA67C /* ChallengeViewController.swift */,
				8DAAB191248CADE2000FA67C /* RewardViewController.swift */,
				8DAAB197248CAE8C000FA67C /* MeViewController.swift */,
				8DB1EA6624854146005D169F /* LoginViewController.swift */,
				8D250E9B248CC8F100DA4446 /* NotificationViewController.swift */,
			);
			path = Controller;
			sourceTree = "<group>";
		};
		8DAAB194248CADF8000FA67C /* View */ = {
			isa = PBXGroup;
			children = (
				8DB1EA6824854146005D169F /* Main.storyboard */,
			);
			path = View;
			sourceTree = "<group>";
		};
		8DAAB199248CAFA7000FA67C /* Fonts */ = {
			isa = PBXGroup;
			children = (
				8DAAB202248CB32D000FA67C /* PlayfairDisplay-Black.ttf */,
				8DAAB205248CB32D000FA67C /* PlayfairDisplay-BlackItalic.ttf */,
				8DAAB203248CB32D000FA67C /* PlayfairDisplay-Bold.ttf */,
				8DAAB20D248CB32E000FA67C /* PlayfairDisplay-BoldItalic.ttf */,
				8DAAB204248CB32D000FA67C /* PlayfairDisplay-ExtraBold.ttf */,
				8DAAB20B248CB32E000FA67C /* PlayfairDisplay-ExtraBoldItalic.ttf */,
				8DAAB208248CB32E000FA67C /* PlayfairDisplay-Italic.ttf */,
				8DAAB206248CB32D000FA67C /* PlayfairDisplay-Medium.ttf */,
				8DAAB207248CB32D000FA67C /* PlayfairDisplay-MediumItalic.ttf */,
				8DAAB209248CB32E000FA67C /* PlayfairDisplay-Regular.ttf */,
				8DAAB20C248CB32E000FA67C /* PlayfairDisplay-SemiBold.ttf */,
				8DAAB20A248CB32E000FA67C /* PlayfairDisplay-SemiBoldItalic.ttf */,
			);
			path = Fonts;
			sourceTree = "<group>";
		};
		8DB1EA5424854146005D169F = {
			isa = PBXGroup;
			children = (
				8D250E99248CBACC00DA4446 /* .gitignore */,
				8DB1EA5F24854146005D169F /* DiceToDive */,
				8DB1EA5E24854146005D169F /* Products */,
			);
			sourceTree = "<group>";
		};
		8DB1EA5E24854146005D169F /* Products */ = {
			isa = PBXGroup;
			children = (
				8DB1EA5D24854146005D169F /* DiceToDive.app */,
			);
			name = Products;
			sourceTree = "<group>";
		};
		8DB1EA5F24854146005D169F /* DiceToDive */ = {
			isa = PBXGroup;
			children = (
				8DB1EA6024854146005D169F /* AppDelegate.swift */,
				8DB1EA6224854146005D169F /* SceneDelegate.swift */,
				8D250E9D248CCA8F00DA4446 /* Cell */,
				8D250EA2248CD1CC00DA4446 /* Model */,
				8DAAB193248CADF2000FA67C /* Controller */,
				8DAAB194248CADF8000FA67C /* View */,
				8DAAB199248CAFA7000FA67C /* Fonts */,
				8DB1EA6B24854148005D169F /* Assets.xcassets */,
				8DB1EA6D24854148005D169F /* LaunchScreen.storyboard */,
				8DB1EA7024854148005D169F /* Info.plist */,
			);
			path = DiceToDive;
			sourceTree = "<group>";
		};
/* End PBXGroup section */

/* Begin PBXNativeTarget section */
		8DB1EA5C24854146005D169F /* DiceToDive */ = {
			isa = PBXNativeTarget;
			buildConfigurationList = 8DB1EA7324854148005D169F /* Build configuration list for PBXNativeTarget "DiceToDive" */;
			buildPhases = (
				8DB1EA5924854146005D169F /* Sources */,
				8DB1EA5A24854146005D169F /* Frameworks */,
				8DB1EA5B24854146005D169F /* Resources */,
			);
			buildRules = (
			);
			dependencies = (
			);
			name = DiceToDive;
			productName = DiceToDive;
			productReference = 8DB1EA5D24854146005D169F /* DiceToDive.app */;
			productType = "com.apple.product-type.application";
		};
/* End PBXNativeTarget section */

/* Begin PBXProject section */
		8DB1EA5524854146005D169F /* Project object */ = {
			isa = PBXProject;
			attributes = {
				LastSwiftUpdateCheck = 1150;
				LastUpgradeCheck = 1150;
				ORGANIZATIONNAME = MM;
				TargetAttributes = {
					8DB1EA5C24854146005D169F = {
						CreatedOnToolsVersion = 11.5;
					};
				};
			};
			buildConfigurationList = 8DB1EA5824854146005D169F /* Build configuration list for PBXProject "DiceToDive" */;
			compatibilityVersion = "Xcode 9.3";
			developmentRegion = en;
			hasScannedForEncodings = 0;
			knownRegions = (
				en,
				Base,
			);
			mainGroup = 8DB1EA5424854146005D169F;
			productRefGroup = 8DB1EA5E24854146005D169F /* Products */;
			projectDirPath = "";
			projectRoot = "";
			targets = (
				8DB1EA5C24854146005D169F /* DiceToDive */,
			);
		};
/* End PBXProject section */

/* Begin PBXResourcesBuildPhase section */
		8DB1EA5B24854146005D169F /* Resources */ = {
			isa = PBXResourcesBuildPhase;
			buildActionMask = 2147483647;
			files = (
				8D250E9A248CBACC00DA4446 /* .gitignore in Resources */,
				8DB1EA6F24854148005D169F /* LaunchScreen.storyboard in Resources */,
				8DAAB210248CB32E000FA67C /* PlayfairDisplay-ExtraBold.ttf in Resources */,
				8DAAB216248CB32E000FA67C /* PlayfairDisplay-SemiBoldItalic.ttf in Resources */,
				8DAAB212248CB32E000FA67C /* PlayfairDisplay-Medium.ttf in Resources */,
				8DAAB20E248CB32E000FA67C /* PlayfairDisplay-Black.ttf in Resources */,
				8DB1EA6C24854148005D169F /* Assets.xcassets in Resources */,
				8DAAB214248CB32E000FA67C /* PlayfairDisplay-Italic.ttf in Resources */,
				8DAAB219248CB32E000FA67C /* PlayfairDisplay-BoldItalic.ttf in Resources */,
				8DAAB217248CB32E000FA67C /* PlayfairDisplay-ExtraBoldItalic.ttf in Resources */,
				8DAAB20F248CB32E000FA67C /* PlayfairDisplay-Bold.ttf in Resources */,
				8DAAB215248CB32E000FA67C /* PlayfairDisplay-Regular.ttf in Resources */,
				8DAAB218248CB32E000FA67C /* PlayfairDisplay-SemiBold.ttf in Resources */,
				8DAAB213248CB32E000FA67C /* PlayfairDisplay-MediumItalic.ttf in Resources */,
				8DB1EA6A24854146005D169F /* Main.storyboard in Resources */,
				8D250EA1248CCAC700DA4446 /* ArticleCollectionViewCell.xib in Resources */,
				8DAAB211248CB32E000FA67C /* PlayfairDisplay-BlackItalic.ttf in Resources */,
			);
			runOnlyForDeploymentPostprocessing = 0;
		};
/* End PBXResourcesBuildPhase section */

/* Begin PBXSourcesBuildPhase section */
		8DB1EA5924854146005D169F /* Sources */ = {
			isa = PBXSourcesBuildPhase;
			buildActionMask = 2147483647;
			files = (
				8DAAB192248CADE2000FA67C /* RewardViewController.swift in Sources */,
				8DAAB198248CAE8C000FA67C /* MeViewController.swift in Sources */,
				8D250E9C248CC8F100DA4446 /* NotificationViewController.swift in Sources */,
				8D250EA0248CCAC700DA4446 /* ArticleCollectionViewCell.swift in Sources */,
				8D250EA4248CD1F100DA4446 /* Article.swift in Sources */,
				8DB1EA6724854146005D169F /* LoginViewController.swift in Sources */,
				8DB1EA6524854146005D169F /* HomeViewController.swift in Sources */,
				8DB1EA6124854146005D169F /* AppDelegate.swift in Sources */,
				8DAAB196248CAE7B000FA67C /* ChallengeViewController.swift in Sources */,
				8DB1EA6324854146005D169F /* SceneDelegate.swift in Sources */,
			);
			runOnlyForDeploymentPostprocessing = 0;
		};
/* End PBXSourcesBuildPhase section */

/* Begin PBXVariantGroup section */
		8DB1EA6824854146005D169F /* Main.storyboard */ = {
			isa = PBXVariantGroup;
			children = (
				8DB1EA6924854146005D169F /* Base */,
			);
			name = Main.storyboard;
			sourceTree = "<group>";
		};
		8DB1EA6D24854148005D169F /* LaunchScreen.storyboard */ = {
			isa = PBXVariantGroup;
			children = (
				8DB1EA6E24854148005D169F /* Base */,
			);
			name = LaunchScreen.storyboard;
			sourceTree = "<group>";
		};
/* End PBXVariantGroup section */

/* Begin XCBuildConfiguration section */
		8DB1EA7124854148005D169F /* Debug */ = {
			isa = XCBuildConfiguration;
			buildSettings = {
				ALWAYS_SEARCH_USER_PATHS = NO;
				CLANG_ANALYZER_NONNULL = YES;
				CLANG_ANALYZER_NUMBER_OBJECT_CONVERSION = YES_AGGRESSIVE;
				CLANG_CXX_LANGUAGE_STANDARD = "gnu++14";
				CLANG_CXX_LIBRARY = "libc++";
				CLANG_ENABLE_MODULES = YES;
				CLANG_ENABLE_OBJC_ARC = YES;
				CLANG_ENABLE_OBJC_WEAK = YES;
				CLANG_WARN_BLOCK_CAPTURE_AUTORELEASING = YES;
				CLANG_WARN_BOOL_CONVERSION = YES;
				CLANG_WARN_COMMA = YES;
				CLANG_WARN_CONSTANT_CONVERSION = YES;
				CLANG_WARN_DEPRECATED_OBJC_IMPLEMENTATIONS = YES;
				CLANG_WARN_DIRECT_OBJC_ISA_USAGE = YES_ERROR;
				CLANG_WARN_DOCUMENTATION_COMMENTS = YES;
				CLANG_WARN_EMPTY_BODY = YES;
				CLANG_WARN_ENUM_CONVERSION = YES;
				CLANG_WARN_INFINITE_RECURSION = YES;
				CLANG_WARN_INT_CONVERSION = YES;
				CLANG_WARN_NON_LITERAL_NULL_CONVERSION = YES;
				CLANG_WARN_OBJC_IMPLICIT_RETAIN_SELF = YES;
				CLANG_WARN_OBJC_LITERAL_CONVERSION = YES;
				CLANG_WARN_OBJC_ROOT_CLASS = YES_ERROR;
				CLANG_WARN_RANGE_LOOP_ANALYSIS = YES;
				CLANG_WARN_STRICT_PROTOTYPES = YES;
				CLANG_WARN_SUSPICIOUS_MOVE = YES;
				CLANG_WARN_UNGUARDED_AVAILABILITY = YES_AGGRESSIVE;
				CLANG_WARN_UNREACHABLE_CODE = YES;
				CLANG_WARN__DUPLICATE_METHOD_MATCH = YES;
				COPY_PHASE_STRIP = NO;
				DEBUG_INFORMATION_FORMAT = dwarf;
				ENABLE_STRICT_OBJC_MSGSEND = YES;
				ENABLE_TESTABILITY = YES;
				GCC_C_LANGUAGE_STANDARD = gnu11;
				GCC_DYNAMIC_NO_PIC = NO;
				GCC_NO_COMMON_BLOCKS = YES;
				GCC_OPTIMIZATION_LEVEL = 0;
				GCC_PREPROCESSOR_DEFINITIONS = (
					"DEBUG=1",
					"$(inherited)",
				);
				GCC_WARN_64_TO_32_BIT_CONVERSION = YES;
				GCC_WARN_ABOUT_RETURN_TYPE = YES_ERROR;
				GCC_WARN_UNDECLARED_SELECTOR = YES;
				GCC_WARN_UNINITIALIZED_AUTOS = YES_AGGRESSIVE;
				GCC_WARN_UNUSED_FUNCTION = YES;
				GCC_WARN_UNUSED_VARIABLE = YES;
				IPHONEOS_DEPLOYMENT_TARGET = 13.0;
				MTL_ENABLE_DEBUG_INFO = INCLUDE_SOURCE;
				MTL_FAST_MATH = YES;
				ONLY_ACTIVE_ARCH = YES;
				SDKROOT = iphoneos;
				SWIFT_ACTIVE_COMPILATION_CONDITIONS = DEBUG;
				SWIFT_OPTIMIZATION_LEVEL = "-Onone";
			};
			name = Debug;
		};
		8DB1EA7224854148005D169F /* Release */ = {
			isa = XCBuildConfiguration;
			buildSettings = {
				ALWAYS_SEARCH_USER_PATHS = NO;
				CLANG_ANALYZER_NONNULL = YES;
				CLANG_ANALYZER_NUMBER_OBJECT_CONVERSION = YES_AGGRESSIVE;
				CLANG_CXX_LANGUAGE_STANDARD = "gnu++14";
				CLANG_CXX_LIBRARY = "libc++";
				CLANG_ENABLE_MODULES = YES;
				CLANG_ENABLE_OBJC_ARC = YES;
				CLANG_ENABLE_OBJC_WEAK = YES;
				CLANG_WARN_BLOCK_CAPTURE_AUTORELEASING = YES;
				CLANG_WARN_BOOL_CONVERSION = YES;
				CLANG_WARN_COMMA = YES;
				CLANG_WARN_CONSTANT_CONVERSION = YES;
				CLANG_WARN_DEPRECATED_OBJC_IMPLEMENTATIONS = YES;
				CLANG_WARN_DIRECT_OBJC_ISA_USAGE = YES_ERROR;
				CLANG_WARN_DOCUMENTATION_COMMENTS = YES;
				CLANG_WARN_EMPTY_BODY = YES;
				CLANG_WARN_ENUM_CONVERSION = YES;
				CLANG_WARN_INFINITE_RECURSION = YES;
				CLANG_WARN_INT_CONVERSION = YES;
				CLANG_WARN_NON_LITERAL_NULL_CONVERSION = YES;
				CLANG_WARN_OBJC_IMPLICIT_RETAIN_SELF = YES;
				CLANG_WARN_OBJC_LITERAL_CONVERSION = YES;
				CLANG_WARN_OBJC_ROOT_CLASS = YES_ERROR;
				CLANG_WARN_RANGE_LOOP_ANALYSIS = YES;
				CLANG_WARN_STRICT_PROTOTYPES = YES;
				CLANG_WARN_SUSPICIOUS_MOVE = YES;
				CLANG_WARN_UNGUARDED_AVAILABILITY = YES_AGGRESSIVE;
				CLANG_WARN_UNREACHABLE_CODE = YES;
				CLANG_WARN__DUPLICATE_METHOD_MATCH = YES;
				COPY_PHASE_STRIP = NO;
				DEBUG_INFORMATION_FORMAT = "dwarf-with-dsym";
				ENABLE_NS_ASSERTIONS = NO;
				ENABLE_STRICT_OBJC_MSGSEND = YES;
				GCC_C_LANGUAGE_STANDARD = gnu11;
				GCC_NO_COMMON_BLOCKS = YES;
				GCC_WARN_64_TO_32_BIT_CONVERSION = YES;
				GCC_WARN_ABOUT_RETURN_TYPE = YES_ERROR;
				GCC_WARN_UNDECLARED_SELECTOR = YES;
				GCC_WARN_UNINITIALIZED_AUTOS = YES_AGGRESSIVE;
				GCC_WARN_UNUSED_FUNCTION = YES;
				GCC_WARN_UNUSED_VARIABLE = YES;
				IPHONEOS_DEPLOYMENT_TARGET = 13.0;
				MTL_ENABLE_DEBUG_INFO = NO;
				MTL_FAST_MATH = YES;
				SDKROOT = iphoneos;
				SWIFT_COMPILATION_MODE = wholemodule;
				SWIFT_OPTIMIZATION_LEVEL = "-O";
				VALIDATE_PRODUCT = YES;
			};
			name = Release;
		};
		8DB1EA7424854148005D169F /* Debug */ = {
			isa = XCBuildConfiguration;
			buildSettings = {
				ASSETCATALOG_COMPILER_APPICON_NAME = AppIcon;
				CODE_SIGN_STYLE = Automatic;
				DEVELOPMENT_TEAM = L334R88X2F;
				INFOPLIST_FILE = DiceToDive/Info.plist;
				LD_RUNPATH_SEARCH_PATHS = (
					"$(inherited)",
					"@executable_path/Frameworks",
				);
				PRODUCT_BUNDLE_IDENTIFIER = com.nguyenvietmy.DiceToDive;
				PRODUCT_NAME = "$(TARGET_NAME)";
				SWIFT_VERSION = 5.0;
				TARGETED_DEVICE_FAMILY = "1,2";
			};
			name = Debug;
		};
		8DB1EA7524854148005D169F /* Release */ = {
			isa = XCBuildConfiguration;
			buildSettings = {
				ASSETCATALOG_COMPILER_APPICON_NAME = AppIcon;
				CODE_SIGN_STYLE = Automatic;
				DEVELOPMENT_TEAM = L334R88X2F;
				INFOPLIST_FILE = DiceToDive/Info.plist;
				LD_RUNPATH_SEARCH_PATHS = (
					"$(inherited)",
					"@executable_path/Frameworks",
				);
				PRODUCT_BUNDLE_IDENTIFIER = com.nguyenvietmy.DiceToDive;
				PRODUCT_NAME = "$(TARGET_NAME)";
				SWIFT_VERSION = 5.0;
				TARGETED_DEVICE_FAMILY = "1,2";
			};
			name = Release;
		};
/* End XCBuildConfiguration section */

/* Begin XCConfigurationList section */
		8DB1EA5824854146005D169F /* Build configuration list for PBXProject "DiceToDive" */ = {
			isa = XCConfigurationList;
			buildConfigurations = (
				8DB1EA7124854148005D169F /* Debug */,
				8DB1EA7224854148005D169F /* Release */,
			);
			defaultConfigurationIsVisible = 0;
			defaultConfigurationName = Release;
		};
		8DB1EA7324854148005D169F /* Build configuration list for PBXNativeTarget "DiceToDive" */ = {
			isa = XCConfigurationList;
			buildConfigurations = (
				8DB1EA7424854148005D169F /* Debug */,
				8DB1EA7524854148005D169F /* Release */,
			);
			defaultConfigurationIsVisible = 0;
			defaultConfigurationName = Release;
		};
/* End XCConfigurationList section */
	};
	rootObject = 8DB1EA5524854146005D169F /* Project object */;
}
